// !$*UTF8*$!
{
	archiveVersion = 1;
	classes = {
	};
	objectVersion = 50;
	objects = {

/* Begin PBXBuildFile section */
		5C4A079D254765AB00D2DC96 /* Recipe.swift in Sources */ = {isa = PBXBuildFile; fileRef = 5C4A079C254765AB00D2DC96 /* Recipe.swift */; };
		5CA0BACF253793C4004FBC70 /* AppDelegate.swift in Sources */ = {isa = PBXBuildFile; fileRef = 5CA0BACE253793C4004FBC70 /* AppDelegate.swift */; };
		5CA0BAD3253793C4004FBC70 /* GalleryViewController.swift in Sources */ = {isa = PBXBuildFile; fileRef = 5CA0BAD2253793C4004FBC70 /* GalleryViewController.swift */; };
		5CA0BAD6253793C4004FBC70 /* Gallery.storyboard in Resources */ = {isa = PBXBuildFile; fileRef = 5CA0BAD4253793C4004FBC70 /* Gallery.storyboard */; };
		5CA0BAD8253793C6004FBC70 /* Assets.xcassets in Resources */ = {isa = PBXBuildFile; fileRef = 5CA0BAD7253793C6004FBC70 /* Assets.xcassets */; };
		5CA0BADB253793C6004FBC70 /* LaunchScreen.storyboard in Resources */ = {isa = PBXBuildFile; fileRef = 5CA0BAD9253793C6004FBC70 /* LaunchScreen.storyboard */; };
		5CC48467253B7AA500216075 /* GalleryViewModel.swift in Sources */ = {isa = PBXBuildFile; fileRef = 5CC48466253B7AA500216075 /* GalleryViewModel.swift */; };
		5CC4846D253B7F3D00216075 /* ImageTableViewCell.swift in Sources */ = {isa = PBXBuildFile; fileRef = 5CC4846B253B7F3D00216075 /* ImageTableViewCell.swift */; };
		5CC4846E253B7F3D00216075 /* ImageTableViewCell.xib in Resources */ = {isa = PBXBuildFile; fileRef = 5CC4846C253B7F3D00216075 /* ImageTableViewCell.xib */; };
		5CC48472253B85BD00216075 /* GalleryService.swift in Sources */ = {isa = PBXBuildFile; fileRef = 5CC48471253B85BD00216075 /* GalleryService.swift */; };
		5CC48477253B8DFE00216075 /* URLSession+Result.swift in Sources */ = {isa = PBXBuildFile; fileRef = 5CC48476253B8DFE00216075 /* URLSession+Result.swift */; };
		5CC4847C253B925600216075 /* Image.swift in Sources */ = {isa = PBXBuildFile; fileRef = 5CC4847B253B925600216075 /* Image.swift */; };
		5CC484AE253C527100216075 /* ImageLoader.swift in Sources */ = {isa = PBXBuildFile; fileRef = 5CC484AD253C527100216075 /* ImageLoader.swift */; };
		5CC484B6253C5BE900216075 /* UIImageLoader.swift in Sources */ = {isa = PBXBuildFile; fileRef = 5CC484B5253C5BE900216075 /* UIImageLoader.swift */; };
		5CC484B9253C5C4700216075 /* UIImageView+loader.swift in Sources */ = {isa = PBXBuildFile; fileRef = 5CC484B8253C5C4700216075 /* UIImageView+loader.swift */; };
/* End PBXBuildFile section */

/* Begin PBXFileReference section */
		5C4A079C254765AB00D2DC96 /* Recipe.swift */ = {isa = PBXFileReference; lastKnownFileType = sourcecode.swift; path = Recipe.swift; sourceTree = "<group>"; };
		5CA0BACB253793C4004FBC70 /* gallery.app */ = {isa = PBXFileReference; explicitFileType = wrapper.application; includeInIndex = 0; path = gallery.app; sourceTree = BUILT_PRODUCTS_DIR; };
		5CA0BACE253793C4004FBC70 /* AppDelegate.swift */ = {isa = PBXFileReference; lastKnownFileType = sourcecode.swift; path = AppDelegate.swift; sourceTree = "<group>"; };
		5CA0BAD2253793C4004FBC70 /* GalleryViewController.swift */ = {isa = PBXFileReference; lastKnownFileType = sourcecode.swift; path = GalleryViewController.swift; sourceTree = "<group>"; };
		5CA0BAD5253793C4004FBC70 /* Base */ = {isa = PBXFileReference; lastKnownFileType = file.storyboard; name = Base; path = Base.lproj/Gallery.storyboard; sourceTree = "<group>"; };
		5CA0BAD7253793C6004FBC70 /* Assets.xcassets */ = {isa = PBXFileReference; lastKnownFileType = folder.assetcatalog; path = Assets.xcassets; sourceTree = "<group>"; };
		5CA0BADA253793C6004FBC70 /* Base */ = {isa = PBXFileReference; lastKnownFileType = file.storyboard; name = Base; path = Base.lproj/LaunchScreen.storyboard; sourceTree = "<group>"; };
		5CA0BADC253793C6004FBC70 /* Info.plist */ = {isa = PBXFileReference; lastKnownFileType = text.plist.xml; path = Info.plist; sourceTree = "<group>"; };
		5CC48466253B7AA500216075 /* GalleryViewModel.swift */ = {isa = PBXFileReference; lastKnownFileType = sourcecode.swift; path = GalleryViewModel.swift; sourceTree = "<group>"; };
		5CC4846B253B7F3D00216075 /* ImageTableViewCell.swift */ = {isa = PBXFileReference; lastKnownFileType = sourcecode.swift; path = ImageTableViewCell.swift; sourceTree = "<group>"; };
		5CC4846C253B7F3D00216075 /* ImageTableViewCell.xib */ = {isa = PBXFileReference; lastKnownFileType = file.xib; path = ImageTableViewCell.xib; sourceTree = "<group>"; };
		5CC48471253B85BD00216075 /* GalleryService.swift */ = {isa = PBXFileReference; lastKnownFileType = sourcecode.swift; path = GalleryService.swift; sourceTree = "<group>"; };
		5CC48476253B8DFE00216075 /* URLSession+Result.swift */ = {isa = PBXFileReference; lastKnownFileType = sourcecode.swift; path = "URLSession+Result.swift"; sourceTree = "<group>"; };
		5CC4847B253B925600216075 /* Image.swift */ = {isa = PBXFileReference; lastKnownFileType = sourcecode.swift; path = Image.swift; sourceTree = "<group>"; };
		5CC484AD253C527100216075 /* ImageLoader.swift */ = {isa = PBXFileReference; lastKnownFileType = sourcecode.swift; path = ImageLoader.swift; sourceTree = "<group>"; };
		5CC484B5253C5BE900216075 /* UIImageLoader.swift */ = {isa = PBXFileReference; lastKnownFileType = sourcecode.swift; path = UIImageLoader.swift; sourceTree = "<group>"; };
		5CC484B8253C5C4700216075 /* UIImageView+loader.swift */ = {isa = PBXFileReference; lastKnownFileType = sourcecode.swift; path = "UIImageView+loader.swift"; sourceTree = "<group>"; };
/* End PBXFileReference section */

/* Begin PBXFrameworksBuildPhase section */
		5CA0BAC8253793C4004FBC70 /* Frameworks */ = {
			isa = PBXFrameworksBuildPhase;
			buildActionMask = 2147483647;
			files = (
			);
			runOnlyForDeploymentPostprocessing = 0;
		};
/* End PBXFrameworksBuildPhase section */

/* Begin PBXGroup section */
		5CA0BAC2253793C4004FBC70 = {
			isa = PBXGroup;
			children = (
				5CA0BACD253793C4004FBC70 /* gallery */,
				5CA0BACC253793C4004FBC70 /* Products */,
			);
			sourceTree = "<group>";
		};
		5CA0BACC253793C4004FBC70 /* Products */ = {
			isa = PBXGroup;
			children = (
				5CA0BACB253793C4004FBC70 /* gallery.app */,
			);
			name = Products;
			sourceTree = "<group>";
		};
		5CA0BACD253793C4004FBC70 /* gallery */ = {
			isa = PBXGroup;
			children = (
				5CC484AC253C525C00216075 /* Tools */,
				5CC4847A253B924700216075 /* Models */,
				5CC48475253B8DDB00216075 /* Extension */,
				5CC48470253B858E00216075 /* ConnectionManager */,
				5CC48464253B7A1000216075 /* ViewController */,
				5CA0BACE253793C4004FBC70 /* AppDelegate.swift */,
				5CA0BAD7253793C6004FBC70 /* Assets.xcassets */,
				5CA0BAD9253793C6004FBC70 /* LaunchScreen.storyboard */,
				5CA0BADC253793C6004FBC70 /* Info.plist */,
			);
			path = gallery;
			sourceTree = "<group>";
		};
		5CC48464253B7A1000216075 /* ViewController */ = {
			isa = PBXGroup;
			children = (
				5CC48469253B7BBF00216075 /* Cell */,
				5CA0BAD2253793C4004FBC70 /* GalleryViewController.swift */,
				5CC48466253B7AA500216075 /* GalleryViewModel.swift */,
				5CA0BAD4253793C4004FBC70 /* Gallery.storyboard */,
			);
			path = ViewController;
			sourceTree = "<group>";
		};
		5CC48469253B7BBF00216075 /* Cell */ = {
			isa = PBXGroup;
			children = (
				5CC4846B253B7F3D00216075 /* ImageTableViewCell.swift */,
				5CC4846C253B7F3D00216075 /* ImageTableViewCell.xib */,
			);
			path = Cell;
			sourceTree = "<group>";
		};
		5CC48470253B858E00216075 /* ConnectionManager */ = {
			isa = PBXGroup;
			children = (
				5CC48471253B85BD00216075 /* GalleryService.swift */,
			);
			path = ConnectionManager;
			sourceTree = "<group>";
		};
		5CC48475253B8DDB00216075 /* Extension */ = {
			isa = PBXGroup;
			children = (
				5CC48476253B8DFE00216075 /* URLSession+Result.swift */,
				5CC484B8253C5C4700216075 /* UIImageView+loader.swift */,
			);
			path = Extension;
			sourceTree = "<group>";
		};
		5CC4847A253B924700216075 /* Models */ = {
			isa = PBXGroup;
			children = (
				5CC4847B253B925600216075 /* Image.swift */,
				5C4A079C254765AB00D2DC96 /* Recipe.swift */,
			);
			path = Models;
			sourceTree = "<group>";
		};
		5CC484AC253C525C00216075 /* Tools */ = {
			isa = PBXGroup;
			children = (
				5CC484AD253C527100216075 /* ImageLoader.swift */,
				5CC484B5253C5BE900216075 /* UIImageLoader.swift */,
			);
			path = Tools;
			sourceTree = "<group>";
		};
/* End PBXGroup section */

/* Begin PBXNativeTarget section */
		5CA0BACA253793C4004FBC70 /* gallery */ = {
			isa = PBXNativeTarget;
			buildConfigurationList = 5CA0BADF253793C6004FBC70 /* Build configuration list for PBXNativeTarget "gallery" */;
			buildPhases = (
				5CA0BAC7253793C4004FBC70 /* Sources */,
				5CA0BAC8253793C4004FBC70 /* Frameworks */,
				5CA0BAC9253793C4004FBC70 /* Resources */,
			);
			buildRules = (
			);
			dependencies = (
			);
			name = gallery;
			productName = gallery;
			productReference = 5CA0BACB253793C4004FBC70 /* gallery.app */;
			productType = "com.apple.product-type.application";
		};
/* End PBXNativeTarget section */

/* Begin PBXProject section */
		5CA0BAC3253793C4004FBC70 /* Project object */ = {
			isa = PBXProject;
			attributes = {
				LastSwiftUpdateCheck = 1200;
				LastUpgradeCheck = 1200;
				TargetAttributes = {
					5CA0BACA253793C4004FBC70 = {
						CreatedOnToolsVersion = 12.0.1;
					};
				};
			};
			buildConfigurationList = 5CA0BAC6253793C4004FBC70 /* Build configuration list for PBXProject "gallery" */;
			compatibilityVersion = "Xcode 9.3";
			developmentRegion = en;
			hasScannedForEncodings = 0;
			knownRegions = (
				en,
				Base,
			);
			mainGroup = 5CA0BAC2253793C4004FBC70;
			productRefGroup = 5CA0BACC253793C4004FBC70 /* Products */;
			projectDirPath = "";
			projectRoot = "";
			targets = (
				5CA0BACA253793C4004FBC70 /* gallery */,
			);
		};
/* End PBXProject section */

/* Begin PBXResourcesBuildPhase section */
		5CA0BAC9253793C4004FBC70 /* Resources */ = {
			isa = PBXResourcesBuildPhase;
			buildActionMask = 2147483647;
			files = (
				5CA0BADB253793C6004FBC70 /* LaunchScreen.storyboard in Resources */,
				5CC4846E253B7F3D00216075 /* ImageTableViewCell.xib in Resources */,
				5CA0BAD8253793C6004FBC70 /* Assets.xcassets in Resources */,
				5CA0BAD6253793C4004FBC70 /* Gallery.storyboard in Resources */,
			);
			runOnlyForDeploymentPostprocessing = 0;
		};
/* End PBXResourcesBuildPhase section */

/* Begin PBXSourcesBuildPhase section */
		5CA0BAC7253793C4004FBC70 /* Sources */ = {
			isa = PBXSourcesBuildPhase;
			buildActionMask = 2147483647;
			files = (
				5CC4847C253B925600216075 /* Image.swift in Sources */,
				5CC484B9253C5C4700216075 /* UIImageView+loader.swift in Sources */,
				5CA0BAD3253793C4004FBC70 /* GalleryViewController.swift in Sources */,
				5CC4846D253B7F3D00216075 /* ImageTableViewCell.swift in Sources */,
				5CC484B6253C5BE900216075 /* UIImageLoader.swift in Sources */,
				5CC48472253B85BD00216075 /* GalleryService.swift in Sources */,
				5CC48467253B7AA500216075 /* GalleryViewModel.swift in Sources */,
				5CA0BACF253793C4004FBC70 /* AppDelegate.swift in Sources */,
				5CC484AE253C527100216075 /* ImageLoader.swift in Sources */,
				5CC48477253B8DFE00216075 /* URLSession+Result.swift in Sources */,
				5C4A079D254765AB00D2DC96 /* Recipe.swift in Sources */,
			);
			runOnlyForDeploymentPostprocessing = 0;
		};
/* End PBXSourcesBuildPhase section */

/* Begin PBXVariantGroup section */
		5CA0BAD4253793C4004FBC70 /* Gallery.storyboard */ = {
			isa = PBXVariantGroup;
			children = (
				5CA0BAD5253793C4004FBC70 /* Base */,
			);
			name = Gallery.storyboard;
			sourceTree = "<group>";
		};
		5CA0BAD9253793C6004FBC70 /* LaunchScreen.storyboard */ = {
			isa = PBXVariantGroup;
			children = (
				5CA0BADA253793C6004FBC70 /* Base */,
			);
			name = LaunchScreen.storyboard;
			sourceTree = "<group>";
		};
/* End PBXVariantGroup section */

/* Begin XCBuildConfiguration section */
		5CA0BADD253793C6004FBC70 /* Debug */ = {
			isa = XCBuildConfiguration;
			buildSettings = {
				ALWAYS_SEARCH_USER_PATHS = NO;
				CLANG_ANALYZER_NONNULL = YES;
				CLANG_ANALYZER_NUMBER_OBJECT_CONVERSION = YES_AGGRESSIVE;
				CLANG_CXX_LANGUAGE_STANDARD = "gnu++14";
				CLANG_CXX_LIBRARY = "libc++";
				CLANG_ENABLE_MODULES = YES;
				CLANG_ENABLE_OBJC_ARC = YES;
				CLANG_ENABLE_OBJC_WEAK = YES;
				CLANG_WARN_BLOCK_CAPTURE_AUTORELEASING = YES;
				CLANG_WARN_BOOL_CONVERSION = YES;
				CLANG_WARN_COMMA = YES;
				CLANG_WARN_CONSTANT_CONVERSION = YES;
				CLANG_WARN_DEPRECATED_OBJC_IMPLEMENTATIONS = YES;
				CLANG_WARN_DIRECT_OBJC_ISA_USAGE = YES_ERROR;
				CLANG_WARN_DOCUMENTATION_COMMENTS = YES;
				CLANG_WARN_EMPTY_BODY = YES;
				CLANG_WARN_ENUM_CONVERSION = YES;
				CLANG_WARN_INFINITE_RECURSION = YES;
				CLANG_WARN_INT_CONVERSION = YES;
				CLANG_WARN_NON_LITERAL_NULL_CONVERSION = YES;
				CLANG_WARN_OBJC_IMPLICIT_RETAIN_SELF = YES;
				CLANG_WARN_OBJC_LITERAL_CONVERSION = YES;
				CLANG_WARN_OBJC_ROOT_CLASS = YES_ERROR;
				CLANG_WARN_QUOTED_INCLUDE_IN_FRAMEWORK_HEADER = YES;
				CLANG_WARN_RANGE_LOOP_ANALYSIS = YES;
				CLANG_WARN_STRICT_PROTOTYPES = YES;
				CLANG_WARN_SUSPICIOUS_MOVE = YES;
				CLANG_WARN_UNGUARDED_AVAILABILITY = YES_AGGRESSIVE;
				CLANG_WARN_UNREACHABLE_CODE = YES;
				CLANG_WARN__DUPLICATE_METHOD_MATCH = YES;
				COPY_PHASE_STRIP = NO;
				DEBUG_INFORMATION_FORMAT = dwarf;
				ENABLE_STRICT_OBJC_MSGSEND = YES;
				ENABLE_TESTABILITY = YES;
				GCC_C_LANGUAGE_STANDARD = gnu11;
				GCC_DYNAMIC_NO_PIC = NO;
				GCC_NO_COMMON_BLOCKS = YES;
				GCC_OPTIMIZATION_LEVEL = 0;
				GCC_PREPROCESSOR_DEFINITIONS = (
					"DEBUG=1",
					"$(inherited)",
				);
				GCC_WARN_64_TO_32_BIT_CONVERSION = YES;
				GCC_WARN_ABOUT_RETURN_TYPE = YES_ERROR;
				GCC_WARN_UNDECLARED_SELECTOR = YES;
				GCC_WARN_UNINITIALIZED_AUTOS = YES_AGGRESSIVE;
				GCC_WARN_UNUSED_FUNCTION = YES;
				GCC_WARN_UNUSED_VARIABLE = YES;
				IPHONEOS_DEPLOYMENT_TARGET = 10.0;
				MTL_ENABLE_DEBUG_INFO = INCLUDE_SOURCE;
				MTL_FAST_MATH = YES;
				ONLY_ACTIVE_ARCH = YES;
				SDKROOT = iphoneos;
				SWIFT_ACTIVE_COMPILATION_CONDITIONS = DEBUG;
				SWIFT_OPTIMIZATION_LEVEL = "-Onone";
			};
			name = Debug;
		};
		5CA0BADE253793C6004FBC70 /* Release */ = {
			isa = XCBuildConfiguration;
			buildSettings = {
				ALWAYS_SEARCH_USER_PATHS = NO;
				CLANG_ANALYZER_NONNULL = YES;
				CLANG_ANALYZER_NUMBER_OBJECT_CONVERSION = YES_AGGRESSIVE;
				CLANG_CXX_LANGUAGE_STANDARD = "gnu++14";
				CLANG_CXX_LIBRARY = "libc++";
				CLANG_ENABLE_MODULES = YES;
				CLANG_ENABLE_OBJC_ARC = YES;
				CLANG_ENABLE_OBJC_WEAK = YES;
				CLANG_WARN_BLOCK_CAPTURE_AUTORELEASING = YES;
				CLANG_WARN_BOOL_CONVERSION = YES;
				CLANG_WARN_COMMA = YES;
				CLANG_WARN_CONSTANT_CONVERSION = YES;
				CLANG_WARN_DEPRECATED_OBJC_IMPLEMENTATIONS = YES;
				CLANG_WARN_DIRECT_OBJC_ISA_USAGE = YES_ERROR;
				CLANG_WARN_DOCUMENTATION_COMMENTS = YES;
				CLANG_WARN_EMPTY_BODY = YES;
				CLANG_WARN_ENUM_CONVERSION = YES;
				CLANG_WARN_INFINITE_RECURSION = YES;
				CLANG_WARN_INT_CONVERSION = YES;
				CLANG_WARN_NON_LITERAL_NULL_CONVERSION = YES;
				CLANG_WARN_OBJC_IMPLICIT_RETAIN_SELF = YES;
				CLANG_WARN_OBJC_LITERAL_CONVERSION = YES;
				CLANG_WARN_OBJC_ROOT_CLASS = YES_ERROR;
				CLANG_WARN_QUOTED_INCLUDE_IN_FRAMEWORK_HEADER = YES;
				CLANG_WARN_RANGE_LOOP_ANALYSIS = YES;
				CLANG_WARN_STRICT_PROTOTYPES = YES;
				CLANG_WARN_SUSPICIOUS_MOVE = YES;
				CLANG_WARN_UNGUARDED_AVAILABILITY = YES_AGGRESSIVE;
				CLANG_WARN_UNREACHABLE_CODE = YES;
				CLANG_WARN__DUPLICATE_METHOD_MATCH = YES;
				COPY_PHASE_STRIP = NO;
				DEBUG_INFORMATION_FORMAT = "dwarf-with-dsym";
				ENABLE_NS_ASSERTIONS = NO;
				ENABLE_STRICT_OBJC_MSGSEND = YES;
				GCC_C_LANGUAGE_STANDARD = gnu11;
				GCC_NO_COMMON_BLOCKS = YES;
				GCC_WARN_64_TO_32_BIT_CONVERSION = YES;
				GCC_WARN_ABOUT_RETURN_TYPE = YES_ERROR;
				GCC_WARN_UNDECLARED_SELECTOR = YES;
				GCC_WARN_UNINITIALIZED_AUTOS = YES_AGGRESSIVE;
				GCC_WARN_UNUSED_FUNCTION = YES;
				GCC_WARN_UNUSED_VARIABLE = YES;
				IPHONEOS_DEPLOYMENT_TARGET = 10.0;
				MTL_ENABLE_DEBUG_INFO = NO;
				MTL_FAST_MATH = YES;
				SDKROOT = iphoneos;
				SWIFT_COMPILATION_MODE = wholemodule;
				SWIFT_OPTIMIZATION_LEVEL = "-O";
				VALIDATE_PRODUCT = YES;
			};
			name = Release;
		};
		5CA0BAE0253793C6004FBC70 /* Debug */ = {
			isa = XCBuildConfiguration;
			buildSettings = {
				ASSETCATALOG_COMPILER_APPICON_NAME = AppIcon;
				ASSETCATALOG_COMPILER_GLOBAL_ACCENT_COLOR_NAME = AccentColor;
				CODE_SIGN_STYLE = Automatic;
				DEVELOPMENT_TEAM = F3HJA47BQU;
				INFOPLIST_FILE = gallery/Info.plist;
				LD_RUNPATH_SEARCH_PATHS = (
					"$(inherited)",
					"@executable_path/Frameworks",
				);
				PRODUCT_BUNDLE_IDENTIFIER = al.gallery;
				PRODUCT_NAME = "$(TARGET_NAME)";
				SWIFT_VERSION = 5.0;
				TARGETED_DEVICE_FAMILY = "1,2";
			};
			name = Debug;
		};
		5CA0BAE1253793C6004FBC70 /* Release */ = {
			isa = XCBuildConfiguration;
			buildSettings = {
				ASSETCATALOG_COMPILER_APPICON_NAME = AppIcon;
				ASSETCATALOG_COMPILER_GLOBAL_ACCENT_COLOR_NAME = AccentColor;
				CODE_SIGN_STYLE = Automatic;
				DEVELOPMENT_TEAM = 7TXRX7YNV4;
				INFOPLIST_FILE = gallery/Info.plist;
				LD_RUNPATH_SEARCH_PATHS = (
					"$(inherited)",
					"@executable_path/Frameworks",
				);
				PRODUCT_BUNDLE_IDENTIFIER = al.gallery;
				PRODUCT_NAME = "$(TARGET_NAME)";
				SWIFT_VERSION = 5.0;
				TARGETED_DEVICE_FAMILY = "1,2";
			};
			name = Release;
		};
/* End XCBuildConfiguration section */

/* Begin XCConfigurationList section */
		5CA0BAC6253793C4004FBC70 /* Build configuration list for PBXProject "gallery" */ = {
			isa = XCConfigurationList;
			buildConfigurations = (
				5CA0BADD253793C6004FBC70 /* Debug */,
				5CA0BADE253793C6004FBC70 /* Release */,
			);
			defaultConfigurationIsVisible = 0;
			defaultConfigurationName = Release;
		};
		5CA0BADF253793C6004FBC70 /* Build configuration list for PBXNativeTarget "gallery" */ = {
			isa = XCConfigurationList;
			buildConfigurations = (
				5CA0BAE0253793C6004FBC70 /* Debug */,
				5CA0BAE1253793C6004FBC70 /* Release */,
			);
			defaultConfigurationIsVisible = 0;
			defaultConfigurationName = Release;
		};
/* End XCConfigurationList section */
	};
	rootObject = 5CA0BAC3253793C4004FBC70 /* Project object */;
}
